
Microsoft Visual Studio Solution File, Format Version 12.00
# Visual Studio Version 17
VisualStudioVersion = 17.0.31903.59
MinimumVisualStudioVersion = 10.0.40219.1
Project("{FAE04EC0-301F-11D3-BF4B-00C04F79EFBC}") = "TodoList", "TodoList\TodoList.csproj", "{D693E20A-7248-4ED3-BFDD-CD98B4396BB0}"
EndProject
Project("{FAE04EC0-301F-11D3-BF4B-00C04F79EFBC}") = "Calculator", "Calculator\Calculator.csproj", "{30F472AC-CBE6-4B75-AA13-E16A8663508D}"
EndProject
Global
	GlobalSection(SolutionConfigurationPlatforms) = preSolution
		Debug|Any CPU = Debug|Any CPU
		Debug|x64 = Debug|x64
		Debug|x86 = Debug|x86
		Release|Any CPU = Release|Any CPU
		Release|x64 = Release|x64
		Release|x86 = Release|x86
	EndGlobalSection
	GlobalSection(ProjectConfigurationPlatforms) = postSolution
		{D693E20A-7248-4ED3-BFDD-CD98B4396BB0}.Debug|Any CPU.ActiveCfg = Debug|Any CPU
		{D693E20A-7248-4ED3-BFDD-CD98B4396BB0}.Debug|Any CPU.Build.0 = Debug|Any CPU
		{D693E20A-7248-4ED3-BFDD-CD98B4396BB0}.Debug|x64.ActiveCfg = Debug|Any CPU
		{D693E20A-7248-4ED3-BFDD-CD98B4396BB0}.Debug|x64.Build.0 = Debug|Any CPU
		{D693E20A-7248-4ED3-BFDD-CD98B4396BB0}.Debug|x86.ActiveCfg = Debug|Any CPU
		{D693E20A-7248-4ED3-BFDD-CD98B4396BB0}.Debug|x86.Build.0 = Debug|Any CPU
		{D693E20A-7248-4ED3-BFDD-CD98B4396BB0}.Release|Any CPU.ActiveCfg = Release|Any CPU
		{D693E20A-7248-4ED3-BFDD-CD98B4396BB0}.Release|Any CPU.Build.0 = Release|Any CPU
		{D693E20A-7248-4ED3-BFDD-CD98B4396BB0}.Release|x64.ActiveCfg = Release|Any CPU
		{D693E20A-7248-4ED3-BFDD-CD98B4396BB0}.Release|x64.Build.0 = Release|Any CPU
		{D693E20A-7248-4ED3-BFDD-CD98B4396BB0}.Release|x86.ActiveCfg = Release|Any CPU
		{D693E20A-7248-4ED3-BFDD-CD98B4396BB0}.Release|x86.Build.0 = Release|Any CPU
		{30F472AC-CBE6-4B75-AA13-E16A8663508D}.Debug|Any CPU.ActiveCfg = Debug|Any CPU
		{30F472AC-CBE6-4B75-AA13-E16A8663508D}.Debug|Any CPU.Build.0 = Debug|Any CPU
		{30F472AC-CBE6-4B75-AA13-E16A8663508D}.Debug|x64.ActiveCfg = Debug|Any CPU
		{30F472AC-CBE6-4B75-AA13-E16A8663508D}.Debug|x64.Build.0 = Debug|Any CPU
		{30F472AC-CBE6-4B75-AA13-E16A8663508D}.Debug|x86.ActiveCfg = Debug|Any CPU
		{30F472AC-CBE6-4B75-AA13-E16A8663508D}.Debug|x86.Build.0 = Debug|Any CPU
		{30F472AC-CBE6-4B75-AA13-E16A8663508D}.Release|Any CPU.ActiveCfg = Release|Any CPU
		{30F472AC-CBE6-4B75-AA13-E16A8663508D}.Release|Any CPU.Build.0 = Release|Any CPU
		{30F472AC-CBE6-4B75-AA13-E16A8663508D}.Release|x64.ActiveCfg = Release|Any CPU
		{30F472AC-CBE6-4B75-AA13-E16A8663508D}.Release|x64.Build.0 = Release|Any CPU
		{30F472AC-CBE6-4B75-AA13-E16A8663508D}.Release|x86.ActiveCfg = Release|Any CPU
		{30F472AC-CBE6-4B75-AA13-E16A8663508D}.Release|x86.Build.0 = Release|Any CPU
	EndGlobalSection
	GlobalSection(SolutionProperties) = preSolution
		HideSolutionNode = FALSE
	EndGlobalSection
EndGlobal
